
Microsoft Visual Studio Solution File, Format Version 12.00
# Visual Studio Version 17
VisualStudioVersion = 17.0.31903.59
MinimumVisualStudioVersion = 10.0.40219.1
Project("{2150E333-8FDC-42A3-9474-1A3956D46DE8}") = "src", "src", "{827E0CD3-B72D-47B6-A68D-7590B98EB39B}"
EndProject
Project("{2150E333-8FDC-42A3-9474-1A3956D46DE8}") = "Services", "Services", "{984BB9B3-3FA3-BE33-9484-CAC21695A33C}"
EndProject
Project("{2150E333-8FDC-42A3-9474-1A3956D46DE8}") = "Auth", "Auth", "{473EF3C4-73FA-6715-AA3C-7C7929374EED}"
EndProject
Project("{FAE04EC0-301F-11D3-BF4B-00C04F79EFBC}") = "Auth.API", "src\Services\Auth\Auth.API\Auth.API.csproj", "{DAE30C32-8592-4544-947F-EB6882A3F16D}"
EndProject
Project("{FAE04EC0-301F-11D3-BF4B-00C04F79EFBC}") = "Auth.Domain", "src\Services\Auth\Auth.Domain\Auth.Domain.csproj", "{C1E99276-9C41-4529-8981-280396D1259C}"
EndProject
Project("{FAE04EC0-301F-11D3-BF4B-00C04F79EFBC}") = "Auth.Infrastructure", "src\Services\Auth\Auth.Infrastructure\Auth.Infrastructure.csproj", "{E1E25008-972D-4C18-8C70-8631965E01B4}"
EndProject
Project("{FAE04EC0-301F-11D3-BF4B-00C04F79EFBC}") = "Auth.Application", "src\Services\Auth\Auth.Application\Auth.Application.csproj", "{9C7E77EC-A08C-44CC-B4B1-DC841B6E4BCE}"
EndProject
Project("{FAE04EC0-301F-11D3-BF4B-00C04F79EFBC}") = "CommonLib", "src\Services\CommonLib\CommonLib.csproj", "{5B841385-F8FD-4EC0-84E1-B5E218706812}"
EndProject
Project("{2150E333-8FDC-42A3-9474-1A3956D46DE8}") = "tests", "tests", "{0AB3BF05-4346-4AA6-1389-037BE0695223}"
EndProject
Project("{2150E333-8FDC-42A3-9474-1A3956D46DE8}") = "Auth", "Auth", "{EDFE54F1-08A0-5241-003B-94DECB51237C}"
EndProject
Project("{FAE04EC0-301F-11D3-BF4B-00C04F79EFBC}") = "Auth.UnitTests", "tests\Auth\Auth.UnitTests\Auth.UnitTests.csproj", "{F1095AF8-EFA7-4704-8BE6-740C2BA84E49}"
EndProject
Global
	GlobalSection(SolutionConfigurationPlatforms) = preSolution
		Debug|Any CPU = Debug|Any CPU
		Debug|x64 = Debug|x64
		Debug|x86 = Debug|x86
		Release|Any CPU = Release|Any CPU
		Release|x64 = Release|x64
		Release|x86 = Release|x86
	EndGlobalSection
	GlobalSection(ProjectConfigurationPlatforms) = postSolution
		{DAE30C32-8592-4544-947F-EB6882A3F16D}.Debug|Any CPU.ActiveCfg = Debug|Any CPU
		{DAE30C32-8592-4544-947F-EB6882A3F16D}.Debug|Any CPU.Build.0 = Debug|Any CPU
		{DAE30C32-8592-4544-947F-EB6882A3F16D}.Debug|x64.ActiveCfg = Debug|Any CPU
		{DAE30C32-8592-4544-947F-EB6882A3F16D}.Debug|x64.Build.0 = Debug|Any CPU
		{DAE30C32-8592-4544-947F-EB6882A3F16D}.Debug|x86.ActiveCfg = Debug|Any CPU
		{DAE30C32-8592-4544-947F-EB6882A3F16D}.Debug|x86.Build.0 = Debug|Any CPU
		{DAE30C32-8592-4544-947F-EB6882A3F16D}.Release|Any CPU.ActiveCfg = Release|Any CPU
		{DAE30C32-8592-4544-947F-EB6882A3F16D}.Release|Any CPU.Build.0 = Release|Any CPU
		{DAE30C32-8592-4544-947F-EB6882A3F16D}.Release|x64.ActiveCfg = Release|Any CPU
		{DAE30C32-8592-4544-947F-EB6882A3F16D}.Release|x64.Build.0 = Release|Any CPU
		{DAE30C32-8592-4544-947F-EB6882A3F16D}.Release|x86.ActiveCfg = Release|Any CPU
		{DAE30C32-8592-4544-947F-EB6882A3F16D}.Release|x86.Build.0 = Release|Any CPU
		{C1E99276-9C41-4529-8981-280396D1259C}.Debug|Any CPU.ActiveCfg = Debug|Any CPU
		{C1E99276-9C41-4529-8981-280396D1259C}.Debug|Any CPU.Build.0 = Debug|Any CPU
		{C1E99276-9C41-4529-8981-280396D1259C}.Debug|x64.ActiveCfg = Debug|Any CPU
		{C1E99276-9C41-4529-8981-280396D1259C}.Debug|x64.Build.0 = Debug|Any CPU
		{C1E99276-9C41-4529-8981-280396D1259C}.Debug|x86.ActiveCfg = Debug|Any CPU
		{C1E99276-9C41-4529-8981-280396D1259C}.Debug|x86.Build.0 = Debug|Any CPU
		{C1E99276-9C41-4529-8981-280396D1259C}.Release|Any CPU.ActiveCfg = Release|Any CPU
		{C1E99276-9C41-4529-8981-280396D1259C}.Release|Any CPU.Build.0 = Release|Any CPU
		{C1E99276-9C41-4529-8981-280396D1259C}.Release|x64.ActiveCfg = Release|Any CPU
		{C1E99276-9C41-4529-8981-280396D1259C}.Release|x64.Build.0 = Release|Any CPU
		{C1E99276-9C41-4529-8981-280396D1259C}.Release|x86.ActiveCfg = Release|Any CPU
		{C1E99276-9C41-4529-8981-280396D1259C}.Release|x86.Build.0 = Release|Any CPU
		{E1E25008-972D-4C18-8C70-8631965E01B4}.Debug|Any CPU.ActiveCfg = Debug|Any CPU
		{E1E25008-972D-4C18-8C70-8631965E01B4}.Debug|Any CPU.Build.0 = Debug|Any CPU
		{E1E25008-972D-4C18-8C70-8631965E01B4}.Debug|x64.ActiveCfg = Debug|Any CPU
		{E1E25008-972D-4C18-8C70-8631965E01B4}.Debug|x64.Build.0 = Debug|Any CPU
		{E1E25008-972D-4C18-8C70-8631965E01B4}.Debug|x86.ActiveCfg = Debug|Any CPU
		{E1E25008-972D-4C18-8C70-8631965E01B4}.Debug|x86.Build.0 = Debug|Any CPU
		{E1E25008-972D-4C18-8C70-8631965E01B4}.Release|Any CPU.ActiveCfg = Release|Any CPU
		{E1E25008-972D-4C18-8C70-8631965E01B4}.Release|Any CPU.Build.0 = Release|Any CPU
		{E1E25008-972D-4C18-8C70-8631965E01B4}.Release|x64.ActiveCfg = Release|Any CPU
		{E1E25008-972D-4C18-8C70-8631965E01B4}.Release|x64.Build.0 = Release|Any CPU
		{E1E25008-972D-4C18-8C70-8631965E01B4}.Release|x86.ActiveCfg = Release|Any CPU
		{E1E25008-972D-4C18-8C70-8631965E01B4}.Release|x86.Build.0 = Release|Any CPU
		{9C7E77EC-A08C-44CC-B4B1-DC841B6E4BCE}.Debug|Any CPU.ActiveCfg = Debug|Any CPU
		{9C7E77EC-A08C-44CC-B4B1-DC841B6E4BCE}.Debug|Any CPU.Build.0 = Debug|Any CPU
		{9C7E77EC-A08C-44CC-B4B1-DC841B6E4BCE}.Debug|x64.ActiveCfg = Debug|Any CPU
		{9C7E77EC-A08C-44CC-B4B1-DC841B6E4BCE}.Debug|x64.Build.0 = Debug|Any CPU
		{9C7E77EC-A08C-44CC-B4B1-DC841B6E4BCE}.Debug|x86.ActiveCfg = Debug|Any CPU
		{9C7E77EC-A08C-44CC-B4B1-DC841B6E4BCE}.Debug|x86.Build.0 = Debug|Any CPU
		{9C7E77EC-A08C-44CC-B4B1-DC841B6E4BCE}.Release|Any CPU.ActiveCfg = Release|Any CPU
		{9C7E77EC-A08C-44CC-B4B1-DC841B6E4BCE}.Release|Any CPU.Build.0 = Release|Any CPU
		{9C7E77EC-A08C-44CC-B4B1-DC841B6E4BCE}.Release|x64.ActiveCfg = Release|Any CPU
		{9C7E77EC-A08C-44CC-B4B1-DC841B6E4BCE}.Release|x64.Build.0 = Release|Any CPU
		{9C7E77EC-A08C-44CC-B4B1-DC841B6E4BCE}.Release|x86.ActiveCfg = Release|Any CPU
		{9C7E77EC-A08C-44CC-B4B1-DC841B6E4BCE}.Release|x86.Build.0 = Release|Any CPU
		{5B841385-F8FD-4EC0-84E1-B5E218706812}.Debug|Any CPU.ActiveCfg = Debug|Any CPU
		{5B841385-F8FD-4EC0-84E1-B5E218706812}.Debug|Any CPU.Build.0 = Debug|Any CPU
		{5B841385-F8FD-4EC0-84E1-B5E218706812}.Debug|x64.ActiveCfg = Debug|Any CPU
		{5B841385-F8FD-4EC0-84E1-B5E218706812}.Debug|x64.Build.0 = Debug|Any CPU
		{5B841385-F8FD-4EC0-84E1-B5E218706812}.Debug|x86.ActiveCfg = Debug|Any CPU
		{5B841385-F8FD-4EC0-84E1-B5E218706812}.Debug|x86.Build.0 = Debug|Any CPU
		{5B841385-F8FD-4EC0-84E1-B5E218706812}.Release|Any CPU.ActiveCfg = Release|Any CPU
		{5B841385-F8FD-4EC0-84E1-B5E218706812}.Release|Any CPU.Build.0 = Release|Any CPU
		{5B841385-F8FD-4EC0-84E1-B5E218706812}.Release|x64.ActiveCfg = Release|Any CPU
		{5B841385-F8FD-4EC0-84E1-B5E218706812}.Release|x64.Build.0 = Release|Any CPU
		{5B841385-F8FD-4EC0-84E1-B5E218706812}.Release|x86.ActiveCfg = Release|Any CPU
		{5B841385-F8FD-4EC0-84E1-B5E218706812}.Release|x86.Build.0 = Release|Any CPU
		{F1095AF8-EFA7-4704-8BE6-740C2BA84E49}.Debug|Any CPU.ActiveCfg = Debug|Any CPU
		{F1095AF8-EFA7-4704-8BE6-740C2BA84E49}.Debug|Any CPU.Build.0 = Debug|Any CPU
		{F1095AF8-EFA7-4704-8BE6-740C2BA84E49}.Debug|x64.ActiveCfg = Debug|Any CPU
		{F1095AF8-EFA7-4704-8BE6-740C2BA84E49}.Debug|x64.Build.0 = Debug|Any CPU
		{F1095AF8-EFA7-4704-8BE6-740C2BA84E49}.Debug|x86.ActiveCfg = Debug|Any CPU
		{F1095AF8-EFA7-4704-8BE6-740C2BA84E49}.Debug|x86.Build.0 = Debug|Any CPU
		{F1095AF8-EFA7-4704-8BE6-740C2BA84E49}.Release|Any CPU.ActiveCfg = Release|Any CPU
		{F1095AF8-EFA7-4704-8BE6-740C2BA84E49}.Release|Any CPU.Build.0 = Release|Any CPU
		{F1095AF8-EFA7-4704-8BE6-740C2BA84E49}.Release|x64.ActiveCfg = Release|Any CPU
		{F1095AF8-EFA7-4704-8BE6-740C2BA84E49}.Release|x64.Build.0 = Release|Any CPU
		{F1095AF8-EFA7-4704-8BE6-740C2BA84E49}.Release|x86.ActiveCfg = Release|Any CPU
		{F1095AF8-EFA7-4704-8BE6-740C2BA84E49}.Release|x86.Build.0 = Release|Any CPU
	EndGlobalSection
	GlobalSection(SolutionProperties) = preSolution
		HideSolutionNode = FALSE
	EndGlobalSection
	GlobalSection(NestedProjects) = preSolution
		{984BB9B3-3FA3-BE33-9484-CAC21695A33C} = {827E0CD3-B72D-47B6-A68D-7590B98EB39B}
		{473EF3C4-73FA-6715-AA3C-7C7929374EED} = {984BB9B3-3FA3-BE33-9484-CAC21695A33C}
		{DAE30C32-8592-4544-947F-EB6882A3F16D} = {473EF3C4-73FA-6715-AA3C-7C7929374EED}
		{C1E99276-9C41-4529-8981-280396D1259C} = {473EF3C4-73FA-6715-AA3C-7C7929374EED}
		{E1E25008-972D-4C18-8C70-8631965E01B4} = {473EF3C4-73FA-6715-AA3C-7C7929374EED}
		{9C7E77EC-A08C-44CC-B4B1-DC841B6E4BCE} = {473EF3C4-73FA-6715-AA3C-7C7929374EED}
		{5B841385-F8FD-4EC0-84E1-B5E218706812} = {984BB9B3-3FA3-BE33-9484-CAC21695A33C}
		{EDFE54F1-08A0-5241-003B-94DECB51237C} = {0AB3BF05-4346-4AA6-1389-037BE0695223}
		{F1095AF8-EFA7-4704-8BE6-740C2BA84E49} = {EDFE54F1-08A0-5241-003B-94DECB51237C}
	EndGlobalSection
EndGlobal
